# THIS IS AN AUTOGENERATED FILE. DO NOT EDIT THIS FILE DIRECTLY.
# yarn lockfile v1


keen-slider@^5.5.1:
  version "5.5.1"
  resolved "https://registry.yarnpkg.com/keen-slider/-/keen-slider-5.5.1.tgz#1493f552eadf0f5b8229defd83c626eb6dd58c13"
  integrity sha512-QXGZGt5Hbe0YufR/RYbOG03MmOk43RQEXqkkSvjr8ZS67sVR7LRp5RIvJALfjl+A7BnHNr1wd1QBOemwy65Lfw==

solid-js@^1.0.3:
  version "1.0.3"
  resolved "https://registry.yarnpkg.com/solid-js/-/solid-js-1.0.3.tgz#d7125e1dec5abde0645720c759189853b2211493"
  integrity sha512-sCSUJvgcsMkEy3r+lFHNCApb7D8lFLq8gZy2PFNDvD5Yv7fVS+7S0PMHBzyLWxTYMJrHKoatlZWkpBk+eUAjLw==
