# THIS IS AN AUTOGENERATED FILE. DO NOT EDIT THIS FILE DIRECTLY.
# yarn lockfile v1


keen-slider@^5.5.1:
  version "5.5.1"
  resolved "https://registry.yarnpkg.com/keen-slider/-/keen-slider-5.5.1.tgz#1493f552eadf0f5b8229defd83c626eb6dd58c13"
  integrity sha512-QXGZGt5Hbe0YufR/RYbOG03MmOk43RQEXqkkSvjr8ZS67sVR7LRp5RIvJALfjl+A7BnHNr1wd1QBOemwy65Lfw==

prettier@^2.4.1:
  version "2.4.1"
  resolved "https://registry.yarnpkg.com/prettier/-/prettier-2.4.1.tgz#671e11c89c14a4cfc876ce564106c4a6726c9f5c"
  integrity sha512-9fbDAXSBcc6Bs1mZrDYb3XKzDLm4EXXL9sC1LqKP5rZkT6KRr/rf9amVUcODVXgguK/isJz0d0hP72WeaKWsvA==
